// !$*UTF8*$!
{
	archiveVersion = 1;
	classes = {
	};
	objectVersion = 46;
	objects = {

/* Begin PBXBuildFile section */
		739B3D8D1BD8C2B300378662 /* AppDelegate.swift in Sources */ = {isa = PBXBuildFile; fileRef = 739B3D8C1BD8C2B300378662 /* AppDelegate.swift */; };
		739B3D8F1BD8C2B300378662 /* ViewController.swift in Sources */ = {isa = PBXBuildFile; fileRef = 739B3D8E1BD8C2B300378662 /* ViewController.swift */; };
		739B3D921BD8C2B300378662 /* Main.storyboard in Resources */ = {isa = PBXBuildFile; fileRef = 739B3D901BD8C2B300378662 /* Main.storyboard */; };
		739B3D941BD8C2B300378662 /* Assets.xcassets in Resources */ = {isa = PBXBuildFile; fileRef = 739B3D931BD8C2B300378662 /* Assets.xcassets */; };
		739B3D971BD8C2B300378662 /* LaunchScreen.storyboard in Resources */ = {isa = PBXBuildFile; fileRef = 739B3D951BD8C2B300378662 /* LaunchScreen.storyboard */; };
		739B3DA21BD8C2B400378662 /* simpleCalc_iOS_Tests.swift in Sources */ = {isa = PBXBuildFile; fileRef = 739B3DA11BD8C2B400378662 /* simpleCalc_iOS_Tests.swift */; };
		739B3DAD1BD8C2B400378662 /* simpleCalc_iOS_UITests.swift in Sources */ = {isa = PBXBuildFile; fileRef = 739B3DAC1BD8C2B400378662 /* simpleCalc_iOS_UITests.swift */; };
/* End PBXBuildFile section */

/* Begin PBXContainerItemProxy section */
		739B3D9E1BD8C2B400378662 /* PBXContainerItemProxy */ = {
			isa = PBXContainerItemProxy;
			containerPortal = 739B3D811BD8C2B300378662 /* Project object */;
			proxyType = 1;
			remoteGlobalIDString = 739B3D881BD8C2B300378662;
			remoteInfo = "simpleCalc(iOS)";
		};
		739B3DA91BD8C2B400378662 /* PBXContainerItemProxy */ = {
			isa = PBXContainerItemProxy;
			containerPortal = 739B3D811BD8C2B300378662 /* Project object */;
			proxyType = 1;
			remoteGlobalIDString = 739B3D881BD8C2B300378662;
			remoteInfo = "simpleCalc(iOS)";
		};
/* End PBXContainerItemProxy section */

/* Begin PBXFileReference section */
		739B3D891BD8C2B300378662 /* simpleCalc(iOS).app */ = {isa = PBXFileReference; explicitFileType = wrapper.application; includeInIndex = 0; path = "simpleCalc(iOS).app"; sourceTree = BUILT_PRODUCTS_DIR; };
		739B3D8C1BD8C2B300378662 /* AppDelegate.swift */ = {isa = PBXFileReference; lastKnownFileType = sourcecode.swift; path = AppDelegate.swift; sourceTree = "<group>"; };
		739B3D8E1BD8C2B300378662 /* ViewController.swift */ = {isa = PBXFileReference; lastKnownFileType = sourcecode.swift; path = ViewController.swift; sourceTree = "<group>"; };
		739B3D911BD8C2B300378662 /* Base */ = {isa = PBXFileReference; lastKnownFileType = file.storyboard; name = Base; path = Base.lproj/Main.storyboard; sourceTree = "<group>"; };
		739B3D931BD8C2B300378662 /* Assets.xcassets */ = {isa = PBXFileReference; lastKnownFileType = folder.assetcatalog; path = Assets.xcassets; sourceTree = "<group>"; };
		739B3D961BD8C2B300378662 /* Base */ = {isa = PBXFileReference; lastKnownFileType = file.storyboard; name = Base; path = Base.lproj/LaunchScreen.storyboard; sourceTree = "<group>"; };
		739B3D981BD8C2B300378662 /* Info.plist */ = {isa = PBXFileReference; lastKnownFileType = text.plist.xml; path = Info.plist; sourceTree = "<group>"; };
		739B3D9D1BD8C2B400378662 /* simpleCalc(iOS)Tests.xctest */ = {isa = PBXFileReference; explicitFileType = wrapper.cfbundle; includeInIndex = 0; path = "simpleCalc(iOS)Tests.xctest"; sourceTree = BUILT_PRODUCTS_DIR; };
		739B3DA11BD8C2B400378662 /* simpleCalc_iOS_Tests.swift */ = {isa = PBXFileReference; lastKnownFileType = sourcecode.swift; path = simpleCalc_iOS_Tests.swift; sourceTree = "<group>"; };
		739B3DA31BD8C2B400378662 /* Info.plist */ = {isa = PBXFileReference; lastKnownFileType = text.plist.xml; path = Info.plist; sourceTree = "<group>"; };
		739B3DA81BD8C2B400378662 /* simpleCalc(iOS)UITests.xctest */ = {isa = PBXFileReference; explicitFileType = wrapper.cfbundle; includeInIndex = 0; path = "simpleCalc(iOS)UITests.xctest"; sourceTree = BUILT_PRODUCTS_DIR; };
		739B3DAC1BD8C2B400378662 /* simpleCalc_iOS_UITests.swift */ = {isa = PBXFileReference; lastKnownFileType = sourcecode.swift; path = simpleCalc_iOS_UITests.swift; sourceTree = "<group>"; };
		739B3DAE1BD8C2B400378662 /* Info.plist */ = {isa = PBXFileReference; lastKnownFileType = text.plist.xml; path = Info.plist; sourceTree = "<group>"; };
/* End PBXFileReference section */

/* Begin PBXFrameworksBuildPhase section */
		739B3D861BD8C2B300378662 /* Frameworks */ = {
			isa = PBXFrameworksBuildPhase;
			buildActionMask = 2147483647;
			files = (
			);
			runOnlyForDeploymentPostprocessing = 0;
		};
		739B3D9A1BD8C2B400378662 /* Frameworks */ = {
			isa = PBXFrameworksBuildPhase;
			buildActionMask = 2147483647;
			files = (
			);
			runOnlyForDeploymentPostprocessing = 0;
		};
		739B3DA51BD8C2B400378662 /* Frameworks */ = {
			isa = PBXFrameworksBuildPhase;
			buildActionMask = 2147483647;
			files = (
			);
			runOnlyForDeploymentPostprocessing = 0;
		};
/* End PBXFrameworksBuildPhase section */

/* Begin PBXGroup section */
		739B3D801BD8C2B300378662 = {
			isa = PBXGroup;
			children = (
				739B3D8B1BD8C2B300378662 /* simpleCalc(iOS) */,
				739B3DA01BD8C2B400378662 /* simpleCalc(iOS)Tests */,
				739B3DAB1BD8C2B400378662 /* simpleCalc(iOS)UITests */,
				739B3D8A1BD8C2B300378662 /* Products */,
			);
			sourceTree = "<group>";
		};
		739B3D8A1BD8C2B300378662 /* Products */ = {
			isa = PBXGroup;
			children = (
				739B3D891BD8C2B300378662 /* simpleCalc(iOS).app */,
				739B3D9D1BD8C2B400378662 /* simpleCalc(iOS)Tests.xctest */,
				739B3DA81BD8C2B400378662 /* simpleCalc(iOS)UITests.xctest */,
			);
			name = Products;
			sourceTree = "<group>";
		};
		739B3D8B1BD8C2B300378662 /* simpleCalc(iOS) */ = {
			isa = PBXGroup;
			children = (
				739B3D8C1BD8C2B300378662 /* AppDelegate.swift */,
				739B3D8E1BD8C2B300378662 /* ViewController.swift */,
				739B3D901BD8C2B300378662 /* Main.storyboard */,
				739B3D931BD8C2B300378662 /* Assets.xcassets */,
				739B3D951BD8C2B300378662 /* LaunchScreen.storyboard */,
				739B3D981BD8C2B300378662 /* Info.plist */,
			);
			path = "simpleCalc(iOS)";
			sourceTree = "<group>";
		};
		739B3DA01BD8C2B400378662 /* simpleCalc(iOS)Tests */ = {
			isa = PBXGroup;
			children = (
				739B3DA11BD8C2B400378662 /* simpleCalc_iOS_Tests.swift */,
				739B3DA31BD8C2B400378662 /* Info.plist */,
			);
			path = "simpleCalc(iOS)Tests";
			sourceTree = "<group>";
		};
		739B3DAB1BD8C2B400378662 /* simpleCalc(iOS)UITests */ = {
			isa = PBXGroup;
			children = (
				739B3DAC1BD8C2B400378662 /* simpleCalc_iOS_UITests.swift */,
				739B3DAE1BD8C2B400378662 /* Info.plist */,
			);
			path = "simpleCalc(iOS)UITests";
			sourceTree = "<group>";
		};
/* End PBXGroup section */

/* Begin PBXNativeTarget section */
		739B3D881BD8C2B300378662 /* simpleCalc(iOS) */ = {
			isa = PBXNativeTarget;
			buildConfigurationList = 739B3DB11BD8C2B400378662 /* Build configuration list for PBXNativeTarget "simpleCalc(iOS)" */;
			buildPhases = (
				739B3D851BD8C2B300378662 /* Sources */,
				739B3D861BD8C2B300378662 /* Frameworks */,
				739B3D871BD8C2B300378662 /* Resources */,
			);
			buildRules = (
			);
			dependencies = (
			);
			name = "simpleCalc(iOS)";
			productName = "simpleCalc(iOS)";
			productReference = 739B3D891BD8C2B300378662 /* simpleCalc(iOS).app */;
			productType = "com.apple.product-type.application";
		};
		739B3D9C1BD8C2B400378662 /* simpleCalc(iOS)Tests */ = {
			isa = PBXNativeTarget;
			buildConfigurationList = 739B3DB41BD8C2B400378662 /* Build configuration list for PBXNativeTarget "simpleCalc(iOS)Tests" */;
			buildPhases = (
				739B3D991BD8C2B400378662 /* Sources */,
				739B3D9A1BD8C2B400378662 /* Frameworks */,
				739B3D9B1BD8C2B400378662 /* Resources */,
			);
			buildRules = (
			);
			dependencies = (
				739B3D9F1BD8C2B400378662 /* PBXTargetDependency */,
			);
			name = "simpleCalc(iOS)Tests";
			productName = "simpleCalc(iOS)Tests";
			productReference = 739B3D9D1BD8C2B400378662 /* simpleCalc(iOS)Tests.xctest */;
			productType = "com.apple.product-type.bundle.unit-test";
		};
		739B3DA71BD8C2B400378662 /* simpleCalc(iOS)UITests */ = {
			isa = PBXNativeTarget;
			buildConfigurationList = 739B3DB71BD8C2B400378662 /* Build configuration list for PBXNativeTarget "simpleCalc(iOS)UITests" */;
			buildPhases = (
				739B3DA41BD8C2B400378662 /* Sources */,
				739B3DA51BD8C2B400378662 /* Frameworks */,
				739B3DA61BD8C2B400378662 /* Resources */,
			);
			buildRules = (
			);
			dependencies = (
				739B3DAA1BD8C2B400378662 /* PBXTargetDependency */,
			);
			name = "simpleCalc(iOS)UITests";
			productName = "simpleCalc(iOS)UITests";
			productReference = 739B3DA81BD8C2B400378662 /* simpleCalc(iOS)UITests.xctest */;
			productType = "com.apple.product-type.bundle.ui-testing";
		};
/* End PBXNativeTarget section */

/* Begin PBXProject section */
		739B3D811BD8C2B300378662 /* Project object */ = {
			isa = PBXProject;
			attributes = {
				LastUpgradeCheck = 0700;
				ORGANIZATIONNAME = "Woosuk Seo";
				TargetAttributes = {
					739B3D881BD8C2B300378662 = {
						CreatedOnToolsVersion = 7.0.1;
					};
					739B3D9C1BD8C2B400378662 = {
						CreatedOnToolsVersion = 7.0.1;
						TestTargetID = 739B3D881BD8C2B300378662;
					};
					739B3DA71BD8C2B400378662 = {
						CreatedOnToolsVersion = 7.0.1;
						TestTargetID = 739B3D881BD8C2B300378662;
					};
				};
			};
			buildConfigurationList = 739B3D841BD8C2B300378662 /* Build configuration list for PBXProject "simpleCalc(iOS)" */;
			compatibilityVersion = "Xcode 3.2";
			developmentRegion = English;
			hasScannedForEncodings = 0;
			knownRegions = (
				en,
				Base,
			);
			mainGroup = 739B3D801BD8C2B300378662;
			productRefGroup = 739B3D8A1BD8C2B300378662 /* Products */;
			projectDirPath = "";
			projectRoot = "";
			targets = (
				739B3D881BD8C2B300378662 /* simpleCalc(iOS) */,
				739B3D9C1BD8C2B400378662 /* simpleCalc(iOS)Tests */,
				739B3DA71BD8C2B400378662 /* simpleCalc(iOS)UITests */,
			);
		};
/* End PBXProject section */

/* Begin PBXResourcesBuildPhase section */
		739B3D871BD8C2B300378662 /* Resources */ = {
			isa = PBXResourcesBuildPhase;
			buildActionMask = 2147483647;
			files = (
				739B3D971BD8C2B300378662 /* LaunchScreen.storyboard in Resources */,
				739B3D941BD8C2B300378662 /* Assets.xcassets in Resources */,
				739B3D921BD8C2B300378662 /* Main.storyboard in Resources */,
			);
			runOnlyForDeploymentPostprocessing = 0;
		};
		739B3D9B1BD8C2B400378662 /* Resources */ = {
			isa = PBXResourcesBuildPhase;
			buildActionMask = 2147483647;
			files = (
			);
			runOnlyForDeploymentPostprocessing = 0;
		};
		739B3DA61BD8C2B400378662 /* Resources */ = {
			isa = PBXResourcesBuildPhase;
			buildActionMask = 2147483647;
			files = (
			);
			runOnlyForDeploymentPostprocessing = 0;
		};
/* End PBXResourcesBuildPhase section */

/* Begin PBXSourcesBuildPhase section */
		739B3D851BD8C2B300378662 /* Sources */ = {
			isa = PBXSourcesBuildPhase;
			buildActionMask = 2147483647;
			files = (
				739B3D8F1BD8C2B300378662 /* ViewController.swift in Sources */,
				739B3D8D1BD8C2B300378662 /* AppDelegate.swift in Sources */,
			);
			runOnlyForDeploymentPostprocessing = 0;
		};
		739B3D991BD8C2B400378662 /* Sources */ = {
			isa = PBXSourcesBuildPhase;
			buildActionMask = 2147483647;
			files = (
				739B3DA21BD8C2B400378662 /* simpleCalc_iOS_Tests.swift in Sources */,
			);
			runOnlyForDeploymentPostprocessing = 0;
		};
		739B3DA41BD8C2B400378662 /* Sources */ = {
			isa = PBXSourcesBuildPhase;
			buildActionMask = 2147483647;
			files = (
				739B3DAD1BD8C2B400378662 /* simpleCalc_iOS_UITests.swift in Sources */,
			);
			runOnlyForDeploymentPostprocessing = 0;
		};
/* End PBXSourcesBuildPhase section */

/* Begin PBXTargetDependency section */
		739B3D9F1BD8C2B400378662 /* PBXTargetDependency */ = {
			isa = PBXTargetDependency;
			target = 739B3D881BD8C2B300378662 /* simpleCalc(iOS) */;
			targetProxy = 739B3D9E1BD8C2B400378662 /* PBXContainerItemProxy */;
		};
		739B3DAA1BD8C2B400378662 /* PBXTargetDependency */ = {
			isa = PBXTargetDependency;
			target = 739B3D881BD8C2B300378662 /* simpleCalc(iOS) */;
			targetProxy = 739B3DA91BD8C2B400378662 /* PBXContainerItemProxy */;
		};
/* End PBXTargetDependency section */

/* Begin PBXVariantGroup section */
		739B3D901BD8C2B300378662 /* Main.storyboard */ = {
			isa = PBXVariantGroup;
			children = (
				739B3D911BD8C2B300378662 /* Base */,
			);
			name = Main.storyboard;
			sourceTree = "<group>";
		};
		739B3D951BD8C2B300378662 /* LaunchScreen.storyboard */ = {
			isa = PBXVariantGroup;
			children = (
				739B3D961BD8C2B300378662 /* Base */,
			);
			name = LaunchScreen.storyboard;
			sourceTree = "<group>";
		};
/* End PBXVariantGroup section */

/* Begin XCBuildConfiguration section */
		739B3DAF1BD8C2B400378662 /* Debug */ = {
			isa = XCBuildConfiguration;
			buildSettings = {
				ALWAYS_SEARCH_USER_PATHS = NO;
				CLANG_CXX_LANGUAGE_STANDARD = "gnu++0x";
				CLANG_CXX_LIBRARY = "libc++";
				CLANG_ENABLE_MODULES = YES;
				CLANG_ENABLE_OBJC_ARC = YES;
				CLANG_WARN_BOOL_CONVERSION = YES;
				CLANG_WARN_CONSTANT_CONVERSION = YES;
				CLANG_WARN_DIRECT_OBJC_ISA_USAGE = YES_ERROR;
				CLANG_WARN_EMPTY_BODY = YES;
				CLANG_WARN_ENUM_CONVERSION = YES;
				CLANG_WARN_INT_CONVERSION = YES;
				CLANG_WARN_OBJC_ROOT_CLASS = YES_ERROR;
				CLANG_WARN_UNREACHABLE_CODE = YES;
				CLANG_WARN__DUPLICATE_METHOD_MATCH = YES;
				"CODE_SIGN_IDENTITY[sdk=iphoneos*]" = "iPhone Developer";
				COPY_PHASE_STRIP = NO;
				DEBUG_INFORMATION_FORMAT = dwarf;
				ENABLE_STRICT_OBJC_MSGSEND = YES;
				ENABLE_TESTABILITY = YES;
				GCC_C_LANGUAGE_STANDARD = gnu99;
				GCC_DYNAMIC_NO_PIC = NO;
				GCC_NO_COMMON_BLOCKS = YES;
				GCC_OPTIMIZATION_LEVEL = 0;
				GCC_PREPROCESSOR_DEFINITIONS = (
					"DEBUG=1",
					"$(inherited)",
				);
				GCC_WARN_64_TO_32_BIT_CONVERSION = YES;
				GCC_WARN_ABOUT_RETURN_TYPE = YES_ERROR;
				GCC_WARN_UNDECLARED_SELECTOR = YES;
				GCC_WARN_UNINITIALIZED_AUTOS = YES_AGGRESSIVE;
				GCC_WARN_UNUSED_FUNCTION = YES;
				GCC_WARN_UNUSED_VARIABLE = YES;
				IPHONEOS_DEPLOYMENT_TARGET = 9.0;
				MTL_ENABLE_DEBUG_INFO = YES;
				ONLY_ACTIVE_ARCH = YES;
				SDKROOT = iphoneos;
				SWIFT_OPTIMIZATION_LEVEL = "-Onone";
			};
			name = Debug;
		};
		739B3DB01BD8C2B400378662 /* Release */ = {
			isa = XCBuildConfiguration;
			buildSettings = {
				ALWAYS_SEARCH_USER_PATHS = NO;
				CLANG_CXX_LANGUAGE_STANDARD = "gnu++0x";
				CLANG_CXX_LIBRARY = "libc++";
				CLANG_ENABLE_MODULES = YES;
				CLANG_ENABLE_OBJC_ARC = YES;
				CLANG_WARN_BOOL_CONVERSION = YES;
				CLANG_WARN_CONSTANT_CONVERSION = YES;
				CLANG_WARN_DIRECT_OBJC_ISA_USAGE = YES_ERROR;
				CLANG_WARN_EMPTY_BODY = YES;
				CLANG_WARN_ENUM_CONVERSION = YES;
				CLANG_WARN_INT_CONVERSION = YES;
				CLANG_WARN_OBJC_ROOT_CLASS = YES_ERROR;
				CLANG_WARN_UNREACHABLE_CODE = YES;
				CLANG_WARN__DUPLICATE_METHOD_MATCH = YES;
				"CODE_SIGN_IDENTITY[sdk=iphoneos*]" = "iPhone Developer";
				COPY_PHASE_STRIP = NO;
				DEBUG_INFORMATION_FORMAT = "dwarf-with-dsym";
				ENABLE_NS_ASSERTIONS = NO;
				ENABLE_STRICT_OBJC_MSGSEND = YES;
				GCC_C_LANGUAGE_STANDARD = gnu99;
				GCC_NO_COMMON_BLOCKS = YES;
				GCC_WARN_64_TO_32_BIT_CONVERSION = YES;
				GCC_WARN_ABOUT_RETURN_TYPE = YES_ERROR;
				GCC_WARN_UNDECLARED_SELECTOR = YES;
				GCC_WARN_UNINITIALIZED_AUTOS = YES_AGGRESSIVE;
				GCC_WARN_UNUSED_FUNCTION = YES;
				GCC_WARN_UNUSED_VARIABLE = YES;
				IPHONEOS_DEPLOYMENT_TARGET = 9.0;
				MTL_ENABLE_DEBUG_INFO = NO;
				SDKROOT = iphoneos;
				VALIDATE_PRODUCT = YES;
			};
			name = Release;
		};
		739B3DB21BD8C2B400378662 /* Debug */ = {
			isa = XCBuildConfiguration;
			buildSettings = {
				ASSETCATALOG_COMPILER_APPICON_NAME = AppIcon;
				INFOPLIST_FILE = "simpleCalc(iOS)/Info.plist";
				LD_RUNPATH_SEARCH_PATHS = "$(inherited) @executable_path/Frameworks";
				PRODUCT_BUNDLE_IDENTIFIER = "edu.uw.seow.simpleCalc-iOS-";
				PRODUCT_NAME = "$(TARGET_NAME)";
			};
			name = Debug;
		};
		739B3DB31BD8C2B400378662 /* Release */ = {
			isa = XCBuildConfiguration;
			buildSettings = {
				ASSETCATALOG_COMPILER_APPICON_NAME = AppIcon;
				INFOPLIST_FILE = "simpleCalc(iOS)/Info.plist";
				LD_RUNPATH_SEARCH_PATHS = "$(inherited) @executable_path/Frameworks";
				PRODUCT_BUNDLE_IDENTIFIER = "edu.uw.seow.simpleCalc-iOS-";
				PRODUCT_NAME = "$(TARGET_NAME)";
			};
			name = Release;
		};
		739B3DB51BD8C2B400378662 /* Debug */ = {
			isa = XCBuildConfiguration;
			buildSettings = {
				BUNDLE_LOADER = "$(TEST_HOST)";
				INFOPLIST_FILE = "simpleCalc(iOS)Tests/Info.plist";
				LD_RUNPATH_SEARCH_PATHS = "$(inherited) @executable_path/Frameworks @loader_path/Frameworks";
				PRODUCT_BUNDLE_IDENTIFIER = "edu.uw.seow.simpleCalc-iOS-Tests";
				PRODUCT_NAME = "$(TARGET_NAME)";
				TEST_HOST = "$(BUILT_PRODUCTS_DIR)/simpleCalc(iOS).app/simpleCalc(iOS)";
			};
			name = Debug;
		};
		739B3DB61BD8C2B400378662 /* Release */ = {
			isa = XCBuildConfiguration;
			buildSettings = {
				BUNDLE_LOADER = "$(TEST_HOST)";
				INFOPLIST_FILE = "simpleCalc(iOS)Tests/Info.plist";
				LD_RUNPATH_SEARCH_PATHS = "$(inherited) @executable_path/Frameworks @loader_path/Frameworks";
				PRODUCT_BUNDLE_IDENTIFIER = "edu.uw.seow.simpleCalc-iOS-Tests";
				PRODUCT_NAME = "$(TARGET_NAME)";
				TEST_HOST = "$(BUILT_PRODUCTS_DIR)/simpleCalc(iOS).app/simpleCalc(iOS)";
			};
			name = Release;
		};
		739B3DB81BD8C2B400378662 /* Debug */ = {
			isa = XCBuildConfiguration;
			buildSettings = {
				INFOPLIST_FILE = "simpleCalc(iOS)UITests/Info.plist";
				LD_RUNPATH_SEARCH_PATHS = "$(inherited) @executable_path/Frameworks @loader_path/Frameworks";
				PRODUCT_BUNDLE_IDENTIFIER = "edu.uw.seow.simpleCalc-iOS-UITests";
				PRODUCT_NAME = "$(TARGET_NAME)";
				TEST_TARGET_NAME = "simpleCalc(iOS)";
				USES_XCTRUNNER = YES;
			};
			name = Debug;
		};
		739B3DB91BD8C2B400378662 /* Release */ = {
			isa = XCBuildConfiguration;
			buildSettings = {
				INFOPLIST_FILE = "simpleCalc(iOS)UITests/Info.plist";
				LD_RUNPATH_SEARCH_PATHS = "$(inherited) @executable_path/Frameworks @loader_path/Frameworks";
				PRODUCT_BUNDLE_IDENTIFIER = "edu.uw.seow.simpleCalc-iOS-UITests";
				PRODUCT_NAME = "$(TARGET_NAME)";
				TEST_TARGET_NAME = "simpleCalc(iOS)";
				USES_XCTRUNNER = YES;
			};
			name = Release;
		};
/* End XCBuildConfiguration section */

/* Begin XCConfigurationList section */
		739B3D841BD8C2B300378662 /* Build configuration list for PBXProject "simpleCalc(iOS)" */ = {
			isa = XCConfigurationList;
			buildConfigurations = (
				739B3DAF1BD8C2B400378662 /* Debug */,
				739B3DB01BD8C2B400378662 /* Release */,
			);
			defaultConfigurationIsVisible = 0;
			defaultConfigurationName = Release;
		};
		739B3DB11BD8C2B400378662 /* Build configuration list for PBXNativeTarget "simpleCalc(iOS)" */ = {
			isa = XCConfigurationList;
			buildConfigurations = (
				739B3DB21BD8C2B400378662 /* Debug */,
				739B3DB31BD8C2B400378662 /* Release */,
			);
			defaultConfigurationIsVisible = 0;
		};
		739B3DB41BD8C2B400378662 /* Build configuration list for PBXNativeTarget "simpleCalc(iOS)Tests" */ = {
			isa = XCConfigurationList;
			buildConfigurations = (
				739B3DB51BD8C2B400378662 /* Debug */,
				739B3DB61BD8C2B400378662 /* Release */,
			);
			defaultConfigurationIsVisible = 0;
		};
		739B3DB71BD8C2B400378662 /* Build configuration list for PBXNativeTarget "simpleCalc(iOS)UITests" */ = {
			isa = XCConfigurationList;
			buildConfigurations = (
				739B3DB81BD8C2B400378662 /* Debug */,
				739B3DB91BD8C2B400378662 /* Release */,
			);
			defaultConfigurationIsVisible = 0;
		};
/* End XCConfigurationList section */
	};
	rootObject = 739B3D811BD8C2B300378662 /* Project object */;
}
